// !$*UTF8*$!
{
	archiveVersion = 1;
	classes = {
	};
	objectVersion = 50;
	objects = {

/* Begin PBXBuildFile section */
		CE16852F224A4785006DA1E2 /* main.c in Sources */ = {isa = PBXBuildFile; fileRef = CE16852E224A4785006DA1E2 /* main.c */; };
		CE168531224A4785006DA1E2 /* Makefile in Sources */ = {isa = PBXBuildFile; fileRef = CE168530224A4785006DA1E2 /* Makefile */; };
		CE16854D224A47DA006DA1E2 /* crp.c in Sources */ = {isa = PBXBuildFile; fileRef = CE16854B224A47DA006DA1E2 /* crp.c */; };
		CE16854E224A47DA006DA1E2 /* cr_startup_lpc80x.c in Sources */ = {isa = PBXBuildFile; fileRef = CE16854C224A47DA006DA1E2 /* cr_startup_lpc80x.c */; };
/* End PBXBuildFile section */

/* Begin PBXFileReference section */
		CE16852A224A4785006DA1E2 /* Index */ = {isa = PBXFileReference; explicitFileType = "compiled.mach-o.executable"; includeInIndex = 0; path = Index; sourceTree = BUILT_PRODUCTS_DIR; };
		CE16852E224A4785006DA1E2 /* main.c */ = {isa = PBXFileReference; lastKnownFileType = sourcecode.c.c; path = main.c; sourceTree = "<group>"; };
		CE168530224A4785006DA1E2 /* Makefile */ = {isa = PBXFileReference; lastKnownFileType = sourcecode.make; path = Makefile; sourceTree = "<group>"; };
		CE168532224A4785006DA1E2 /* LPC80x.xcconfig */ = {isa = PBXFileReference; lastKnownFileType = text.xcconfig; path = LPC80x.xcconfig; sourceTree = "<group>"; };
		CE16854A224A47DA006DA1E2 /* LPC80x.ld */ = {isa = PBXFileReference; fileEncoding = 4; lastKnownFileType = text; path = LPC80x.ld; sourceTree = "<group>"; };
		CE16854B224A47DA006DA1E2 /* crp.c */ = {isa = PBXFileReference; fileEncoding = 4; lastKnownFileType = sourcecode.c.c; path = crp.c; sourceTree = "<group>"; };
		CE16854C224A47DA006DA1E2 /* cr_startup_lpc80x.c */ = {isa = PBXFileReference; fileEncoding = 4; lastKnownFileType = sourcecode.c.c; path = cr_startup_lpc80x.c; sourceTree = "<group>"; };
/* End PBXFileReference section */

/* Begin PBXGroup section */
		CE16851D224A4785006DA1E2 = {
			isa = PBXGroup;
			children = (
				CE16852C224A4785006DA1E2 /* InitialLoader */,
				CE16852B224A4785006DA1E2 /* Products */,
			);
			sourceTree = "<group>";
		};
		CE16852B224A4785006DA1E2 /* Products */ = {
			isa = PBXGroup;
			children = (
				CE16852A224A4785006DA1E2 /* Index */,
			);
			name = Products;
			sourceTree = "<group>";
		};
		CE16852C224A4785006DA1E2 /* InitialLoader */ = {
			isa = PBXGroup;
			children = (
				CE16854C224A47DA006DA1E2 /* cr_startup_lpc80x.c */,
				CE16854B224A47DA006DA1E2 /* crp.c */,
				CE16852E224A4785006DA1E2 /* main.c */,
				CE16854A224A47DA006DA1E2 /* LPC80x.ld */,
				CE168530224A4785006DA1E2 /* Makefile */,
				CE168532224A4785006DA1E2 /* LPC80x.xcconfig */,
			);
			path = InitialLoader;
			sourceTree = "<group>";
		};
/* End PBXGroup section */

/* Begin PBXLegacyTarget section */
		CE168522224A4785006DA1E2 /* All */ = {
			isa = PBXLegacyTarget;
			buildArgumentsString = "all -C \"$(PROJECT)\"";
			buildConfigurationList = CE168535224A4785006DA1E2 /* Build configuration list for PBXLegacyTarget "All" */;
			buildPhases = (
			);
			buildToolPath = make;
			dependencies = (
			);
			name = All;
			passBuildSettingsInEnvironment = 1;
			productName = All;
		};
		CE168523224A4785006DA1E2 /* Build */ = {
			isa = PBXLegacyTarget;
			buildArgumentsString = "build -C \"$(PROJECT)\"";
			buildConfigurationList = CE168538224A4785006DA1E2 /* Build configuration list for PBXLegacyTarget "Build" */;
			buildPhases = (
			);
			buildToolPath = make;
			dependencies = (
			);
			name = Build;
			passBuildSettingsInEnvironment = 1;
			productName = Build;
		};
		CE168524224A4785006DA1E2 /* Upload */ = {
			isa = PBXLegacyTarget;
			buildArgumentsString = "upload -C \"$(PROJECT)\"";
			buildConfigurationList = CE16853B224A4785006DA1E2 /* Build configuration list for PBXLegacyTarget "Upload" */;
			buildPhases = (
			);
			buildToolPath = make;
			dependencies = (
			);
			name = Upload;
			passBuildSettingsInEnvironment = 1;
			productName = Upload;
		};
		CE168525224A4785006DA1E2 /* Build&Upload */ = {
			isa = PBXLegacyTarget;
			buildArgumentsString = "buildAndUpload -C \"$(PROJECT)\"";
			buildConfigurationList = CE16853E224A4785006DA1E2 /* Build configuration list for PBXLegacyTarget "Build&Upload" */;
			buildPhases = (
			);
			buildToolPath = make;
			dependencies = (
			);
			name = "Build&Upload";
			passBuildSettingsInEnvironment = 1;
			productName = "Build&Upload";
		};
		CE168526224A4785006DA1E2 /* Clean */ = {
			isa = PBXLegacyTarget;
			buildArgumentsString = "clean -C \"$(PROJECT)\"";
			buildConfigurationList = CE168541224A4785006DA1E2 /* Build configuration list for PBXLegacyTarget "Clean" */;
			buildPhases = (
			);
			buildToolPath = make;
			dependencies = (
			);
			name = Clean;
			passBuildSettingsInEnvironment = 1;
			productName = Clean;
		};
		CE168527224A4785006DA1E2 /* Debug */ = {
			isa = PBXLegacyTarget;
			buildArgumentsString = "debug -C \"$(PROJECT)\"";
			buildConfigurationList = CE168544224A4785006DA1E2 /* Build configuration list for PBXLegacyTarget "Debug" */;
			buildPhases = (
			);
			buildToolPath = make;
			dependencies = (
			);
			name = Debug;
			passBuildSettingsInEnvironment = 1;
			productName = Debug;
		};
/* End PBXLegacyTarget section */

/* Begin PBXNativeTarget section */
		CE168529224A4785006DA1E2 /* Index */ = {
			isa = PBXNativeTarget;
			buildConfigurationList = CE168547224A4785006DA1E2 /* Build configuration list for PBXNativeTarget "Index" */;
			buildPhases = (
				CE168528224A4785006DA1E2 /* Sources */,
			);
			buildRules = (
			);
			dependencies = (
			);
			name = Index;
			productName = Index;
			productReference = CE16852A224A4785006DA1E2 /* Index */;
			productType = "com.apple.product-type.tool";
		};
/* End PBXNativeTarget section */

/* Begin PBXProject section */
		CE16851E224A4785006DA1E2 /* Project object */ = {
			isa = PBXProject;
			attributes = {
				LastUpgradeCheck = 1100;
				ORGANIZATIONNAME = mtkrtk;
				TargetAttributes = {
					CE168522224A4785006DA1E2 = {
						CreatedOnToolsVersion = 10.2;
					};
					CE168523224A4785006DA1E2 = {
						CreatedOnToolsVersion = 10.2;
					};
					CE168524224A4785006DA1E2 = {
						CreatedOnToolsVersion = 10.2;
					};
					CE168525224A4785006DA1E2 = {
						CreatedOnToolsVersion = 10.2;
					};
					CE168526224A4785006DA1E2 = {
						CreatedOnToolsVersion = 10.2;
					};
					CE168527224A4785006DA1E2 = {
						CreatedOnToolsVersion = 10.2;
					};
					CE168529224A4785006DA1E2 = {
						CreatedOnToolsVersion = 10.2;
					};
				};
			};
			buildConfigurationList = CE168521224A4785006DA1E2 /* Build configuration list for PBXProject "InitialLoader" */;
			compatibilityVersion = "Xcode 9.3";
			developmentRegion = en;
			hasScannedForEncodings = 0;
			knownRegions = (
				en,
				Base,
			);
			mainGroup = CE16851D224A4785006DA1E2;
			productRefGroup = CE16852B224A4785006DA1E2 /* Products */;
			projectDirPath = "";
			projectRoot = "";
			targets = (
				CE168522224A4785006DA1E2 /* All */,
				CE168523224A4785006DA1E2 /* Build */,
				CE168524224A4785006DA1E2 /* Upload */,
				CE168525224A4785006DA1E2 /* Build&Upload */,
				CE168526224A4785006DA1E2 /* Clean */,
				CE168527224A4785006DA1E2 /* Debug */,
				CE168529224A4785006DA1E2 /* Index */,
			);
		};
/* End PBXProject section */

/* Begin PBXSourcesBuildPhase section */
		CE168528224A4785006DA1E2 /* Sources */ = {
			isa = PBXSourcesBuildPhase;
			buildActionMask = 2147483647;
			files = (
				CE16854D224A47DA006DA1E2 /* crp.c in Sources */,
				CE16854E224A47DA006DA1E2 /* cr_startup_lpc80x.c in Sources */,
				CE168531224A4785006DA1E2 /* Makefile in Sources */,
				CE16852F224A4785006DA1E2 /* main.c in Sources */,
			);
			runOnlyForDeploymentPostprocessing = 0;
		};
/* End PBXSourcesBuildPhase section */

/* Begin XCBuildConfiguration section */
		CE168533224A4785006DA1E2 /* Debug */ = {
			isa = XCBuildConfiguration;
			baseConfigurationReference = CE168532224A4785006DA1E2 /* LPC80x.xcconfig */;
			buildSettings = {
				ALWAYS_SEARCH_USER_PATHS = NO;
				CLANG_ANALYZER_NONNULL = YES;
				CLANG_ANALYZER_NUMBER_OBJECT_CONVERSION = YES_AGGRESSIVE;
				CLANG_CXX_LANGUAGE_STANDARD = "gnu++14";
				CLANG_CXX_LIBRARY = "libc++";
				CLANG_ENABLE_MODULES = YES;
				CLANG_ENABLE_OBJC_ARC = YES;
				CLANG_ENABLE_OBJC_WEAK = YES;
				CLANG_WARN_BLOCK_CAPTURE_AUTORELEASING = YES;
				CLANG_WARN_BOOL_CONVERSION = YES;
				CLANG_WARN_COMMA = YES;
				CLANG_WARN_CONSTANT_CONVERSION = YES;
				CLANG_WARN_DEPRECATED_OBJC_IMPLEMENTATIONS = YES;
				CLANG_WARN_DIRECT_OBJC_ISA_USAGE = YES_ERROR;
				CLANG_WARN_DOCUMENTATION_COMMENTS = YES;
				CLANG_WARN_EMPTY_BODY = YES;
				CLANG_WARN_ENUM_CONVERSION = YES;
				CLANG_WARN_INFINITE_RECURSION = YES;
				CLANG_WARN_INT_CONVERSION = YES;
				CLANG_WARN_NON_LITERAL_NULL_CONVERSION = YES;
				CLANG_WARN_OBJC_IMPLICIT_RETAIN_SELF = YES;
				CLANG_WARN_OBJC_LITERAL_CONVERSION = YES;
				CLANG_WARN_OBJC_ROOT_CLASS = YES_ERROR;
				CLANG_WARN_RANGE_LOOP_ANALYSIS = YES;
				CLANG_WARN_STRICT_PROTOTYPES = YES;
				CLANG_WARN_SUSPICIOUS_MOVE = YES;
				CLANG_WARN_UNGUARDED_AVAILABILITY = YES_AGGRESSIVE;
				CLANG_WARN_UNREACHABLE_CODE = YES;
				CLANG_WARN__DUPLICATE_METHOD_MATCH = YES;
				COPY_PHASE_STRIP = NO;
				DEBUG_INFORMATION_FORMAT = dwarf;
				ENABLE_STRICT_OBJC_MSGSEND = YES;
				ENABLE_TESTABILITY = YES;
				GCC_C_LANGUAGE_STANDARD = gnu11;
				GCC_DYNAMIC_NO_PIC = NO;
				GCC_NO_COMMON_BLOCKS = YES;
				GCC_OPTIMIZATION_LEVEL = 0;
				GCC_PREPROCESSOR_DEFINITIONS = (
					"DEBUG=1",
					"$(inherited)",
				);
				GCC_WARN_64_TO_32_BIT_CONVERSION = YES;
				GCC_WARN_ABOUT_RETURN_TYPE = YES_ERROR;
				GCC_WARN_UNDECLARED_SELECTOR = YES;
				GCC_WARN_UNINITIALIZED_AUTOS = YES_AGGRESSIVE;
				GCC_WARN_UNUSED_FUNCTION = YES;
				GCC_WARN_UNUSED_VARIABLE = YES;
				HEADER_SEARCH_PATHS = "$(inherited)";
				MTL_ENABLE_DEBUG_INFO = INCLUDE_SOURCE;
				MTL_FAST_MATH = YES;
				ONLY_ACTIVE_ARCH = YES;
				PATH = "$(PATH):$(PROJECT_DIR)";
				PRODUCT_NAME = "$(TARGET_NAME)";
			};
			name = Debug;
		};
		CE168534224A4785006DA1E2 /* Release */ = {
			isa = XCBuildConfiguration;
			buildSettings = {
				ALWAYS_SEARCH_USER_PATHS = NO;
				CLANG_ANALYZER_NONNULL = YES;
				CLANG_ANALYZER_NUMBER_OBJECT_CONVERSION = YES_AGGRESSIVE;
				CLANG_CXX_LANGUAGE_STANDARD = "gnu++14";
				CLANG_CXX_LIBRARY = "libc++";
				CLANG_ENABLE_MODULES = YES;
				CLANG_ENABLE_OBJC_ARC = YES;
				CLANG_ENABLE_OBJC_WEAK = YES;
				CLANG_WARN_BLOCK_CAPTURE_AUTORELEASING = YES;
				CLANG_WARN_BOOL_CONVERSION = YES;
				CLANG_WARN_COMMA = YES;
				CLANG_WARN_CONSTANT_CONVERSION = YES;
				CLANG_WARN_DEPRECATED_OBJC_IMPLEMENTATIONS = YES;
				CLANG_WARN_DIRECT_OBJC_ISA_USAGE = YES_ERROR;
				CLANG_WARN_DOCUMENTATION_COMMENTS = YES;
				CLANG_WARN_EMPTY_BODY = YES;
				CLANG_WARN_ENUM_CONVERSION = YES;
				CLANG_WARN_INFINITE_RECURSION = YES;
				CLANG_WARN_INT_CONVERSION = YES;
				CLANG_WARN_NON_LITERAL_NULL_CONVERSION = YES;
				CLANG_WARN_OBJC_IMPLICIT_RETAIN_SELF = YES;
				CLANG_WARN_OBJC_LITERAL_CONVERSION = YES;
				CLANG_WARN_OBJC_ROOT_CLASS = YES_ERROR;
				CLANG_WARN_RANGE_LOOP_ANALYSIS = YES;
				CLANG_WARN_STRICT_PROTOTYPES = YES;
				CLANG_WARN_SUSPICIOUS_MOVE = YES;
				CLANG_WARN_UNGUARDED_AVAILABILITY = YES_AGGRESSIVE;
				CLANG_WARN_UNREACHABLE_CODE = YES;
				CLANG_WARN__DUPLICATE_METHOD_MATCH = YES;
				COPY_PHASE_STRIP = NO;
				DEBUG_INFORMATION_FORMAT = "dwarf-with-dsym";
				ENABLE_NS_ASSERTIONS = NO;
				ENABLE_STRICT_OBJC_MSGSEND = YES;
				GCC_C_LANGUAGE_STANDARD = gnu11;
				GCC_NO_COMMON_BLOCKS = YES;
				GCC_WARN_64_TO_32_BIT_CONVERSION = YES;
				GCC_WARN_ABOUT_RETURN_TYPE = YES_ERROR;
				GCC_WARN_UNDECLARED_SELECTOR = YES;
				GCC_WARN_UNINITIALIZED_AUTOS = YES_AGGRESSIVE;
				GCC_WARN_UNUSED_FUNCTION = YES;
				GCC_WARN_UNUSED_VARIABLE = YES;
				HEADER_SEARCH_PATHS = "$(inherited)";
				MTL_ENABLE_DEBUG_INFO = NO;
				MTL_FAST_MATH = YES;
				PATH = "$(PATH):$(PROJECT_DIR)";
				PRODUCT_NAME = "$(TARGET_NAME)";
			};
			name = Release;
		};
		CE168536224A4785006DA1E2 /* Debug */ = {
			isa = XCBuildConfiguration;
			buildSettings = {
				CODE_SIGN_STYLE = Automatic;
				PRODUCT_NAME = "$(TARGET_NAME)";
			};
			name = Debug;
		};
		CE168537224A4785006DA1E2 /* Release */ = {
			isa = XCBuildConfiguration;
			buildSettings = {
				CODE_SIGN_STYLE = Automatic;
				PRODUCT_NAME = "$(TARGET_NAME)";
			};
			name = Release;
		};
		CE168539224A4785006DA1E2 /* Debug */ = {
			isa = XCBuildConfiguration;
			buildSettings = {
				CODE_SIGN_STYLE = Automatic;
			};
			name = Debug;
		};
		CE16853A224A4785006DA1E2 /* Release */ = {
			isa = XCBuildConfiguration;
			buildSettings = {
				CODE_SIGN_STYLE = Automatic;
			};
			name = Release;
		};
		CE16853C224A4785006DA1E2 /* Debug */ = {
			isa = XCBuildConfiguration;
			buildSettings = {
				CODE_SIGN_STYLE = Automatic;
			};
			name = Debug;
		};
		CE16853D224A4785006DA1E2 /* Release */ = {
			isa = XCBuildConfiguration;
			buildSettings = {
				CODE_SIGN_STYLE = Automatic;
			};
			name = Release;
		};
		CE16853F224A4785006DA1E2 /* Debug */ = {
			isa = XCBuildConfiguration;
			buildSettings = {
				CODE_SIGN_STYLE = Automatic;
			};
			name = Debug;
		};
		CE168540224A4785006DA1E2 /* Release */ = {
			isa = XCBuildConfiguration;
			buildSettings = {
				CODE_SIGN_STYLE = Automatic;
			};
			name = Release;
		};
		CE168542224A4785006DA1E2 /* Debug */ = {
			isa = XCBuildConfiguration;
			buildSettings = {
				CODE_SIGN_STYLE = Automatic;
			};
			name = Debug;
		};
		CE168543224A4785006DA1E2 /* Release */ = {
			isa = XCBuildConfiguration;
			buildSettings = {
				CODE_SIGN_STYLE = Automatic;
			};
			name = Release;
		};
		CE168545224A4785006DA1E2 /* Debug */ = {
			isa = XCBuildConfiguration;
			buildSettings = {
				CODE_SIGN_STYLE = Automatic;
			};
			name = Debug;
		};
		CE168546224A4785006DA1E2 /* Release */ = {
			isa = XCBuildConfiguration;
			buildSettings = {
				CODE_SIGN_STYLE = Automatic;
			};
			name = Release;
		};
		CE168548224A4785006DA1E2 /* Debug */ = {
			isa = XCBuildConfiguration;
			buildSettings = {
				CODE_SIGN_IDENTITY = "-";
				CODE_SIGN_STYLE = Automatic;
			};
			name = Debug;
		};
		CE168549224A4785006DA1E2 /* Release */ = {
			isa = XCBuildConfiguration;
			buildSettings = {
				CODE_SIGN_IDENTITY = "-";
				CODE_SIGN_STYLE = Automatic;
			};
			name = Release;
		};
/* End XCBuildConfiguration section */

/* Begin XCConfigurationList section */
		CE168521224A4785006DA1E2 /* Build configuration list for PBXProject "InitialLoader" */ = {
			isa = XCConfigurationList;
			buildConfigurations = (
				CE168533224A4785006DA1E2 /* Debug */,
				CE168534224A4785006DA1E2 /* Release */,
			);
			defaultConfigurationIsVisible = 0;
			defaultConfigurationName = Release;
		};
		CE168535224A4785006DA1E2 /* Build configuration list for PBXLegacyTarget "All" */ = {
			isa = XCConfigurationList;
			buildConfigurations = (
				CE168536224A4785006DA1E2 /* Debug */,
				CE168537224A4785006DA1E2 /* Release */,
			);
			defaultConfigurationIsVisible = 0;
			defaultConfigurationName = Release;
		};
		CE168538224A4785006DA1E2 /* Build configuration list for PBXLegacyTarget "Build" */ = {
			isa = XCConfigurationList;
			buildConfigurations = (
				CE168539224A4785006DA1E2 /* Debug */,
				CE16853A224A4785006DA1E2 /* Release */,
			);
			defaultConfigurationIsVisible = 0;
			defaultConfigurationName = Release;
		};
		CE16853B224A4785006DA1E2 /* Build configuration list for PBXLegacyTarget "Upload" */ = {
			isa = XCConfigurationList;
			buildConfigurations = (
				CE16853C224A4785006DA1E2 /* Debug */,
				CE16853D224A4785006DA1E2 /* Release */,
			);
			defaultConfigurationIsVisible = 0;
			defaultConfigurationName = Release;
		};
		CE16853E224A4785006DA1E2 /* Build configuration list for PBXLegacyTarget "Build&Upload" */ = {
			isa = XCConfigurationList;
			buildConfigurations = (
				CE16853F224A4785006DA1E2 /* Debug */,
				CE168540224A4785006DA1E2 /* Release */,
			);
			defaultConfigurationIsVisible = 0;
			defaultConfigurationName = Release;
		};
		CE168541224A4785006DA1E2 /* Build configuration list for PBXLegacyTarget "Clean" */ = {
			isa = XCConfigurationList;
			buildConfigurations = (
				CE168542224A4785006DA1E2 /* Debug */,
				CE168543224A4785006DA1E2 /* Release */,
			);
			defaultConfigurationIsVisible = 0;
			defaultConfigurationName = Release;
		};
		CE168544224A4785006DA1E2 /* Build configuration list for PBXLegacyTarget "Debug" */ = {
			isa = XCConfigurationList;
			buildConfigurations = (
				CE168545224A4785006DA1E2 /* Debug */,
				CE168546224A4785006DA1E2 /* Release */,
			);
			defaultConfigurationIsVisible = 0;
			defaultConfigurationName = Release;
		};
		CE168547224A4785006DA1E2 /* Build configuration list for PBXNativeTarget "Index" */ = {
			isa = XCConfigurationList;
			buildConfigurations = (
				CE168548224A4785006DA1E2 /* Debug */,
				CE168549224A4785006DA1E2 /* Release */,
			);
			defaultConfigurationIsVisible = 0;
			defaultConfigurationName = Release;
		};
/* End XCConfigurationList section */
	};
	rootObject = CE16851E224A4785006DA1E2 /* Project object */;
}
